
Microsoft Visual Studio Solution File, Format Version 12.00
# Visual Studio Version 17
VisualStudioVersion = 17.4.33213.308
MinimumVisualStudioVersion = 10.0.40219.1
Project("{FAE04EC0-301F-11D3-BF4B-00C04F79EFBC}") = "BublbleSort ARRAY POG PRACTICE", "BublbleSort ARRAY POG PRACTICE\BublbleSort ARRAY POG PRACTICE.csproj", "{8BCBECBE-21DE-4E8E-BD60-FC76673227C0}"
EndProject
Global
	GlobalSection(SolutionConfigurationPlatforms) = preSolution
		Debug|Any CPU = Debug|Any CPU
		Release|Any CPU = Release|Any CPU
	EndGlobalSection
	GlobalSection(ProjectConfigurationPlatforms) = postSolution
		{8BCBECBE-21DE-4E8E-BD60-FC76673227C0}.Debug|Any CPU.ActiveCfg = Debug|Any CPU
		{8BCBECBE-21DE-4E8E-BD60-FC76673227C0}.Debug|Any CPU.Build.0 = Debug|Any CPU
		{8BCBECBE-21DE-4E8E-BD60-FC76673227C0}.Release|Any CPU.ActiveCfg = Release|Any CPU
		{8BCBECBE-21DE-4E8E-BD60-FC76673227C0}.Release|Any CPU.Build.0 = Release|Any CPU
	EndGlobalSection
	GlobalSection(SolutionProperties) = preSolution
		HideSolutionNode = FALSE
	EndGlobalSection
	GlobalSection(ExtensibilityGlobals) = postSolution
		SolutionGuid = {F4336213-F606-466F-8598-F5633B204E2A}
	EndGlobalSection
EndGlobal
